
Microsoft Visual Studio Solution File, Format Version 12.00
# Visual Studio 15
VisualStudioVersion = 15.0.28010.2016
MinimumVisualStudioVersion = 10.0.40219.1
Project("{2150E333-8FDC-42A3-9474-1A3956D46DE8}") = "0100 Common", "0100 Common", "{3A1A9B29-9699-4A6F-9DED-8070FD49747C}"
EndProject
Project("{2150E333-8FDC-42A3-9474-1A3956D46DE8}") = "Base", "Base", "{88DA53CC-07BD-408E-904C-12417551A4E5}"
EndProject
Project("{2150E333-8FDC-42A3-9474-1A3956D46DE8}") = "Core", "Core", "{1C508398-D63C-4A9E-BFDB-BF742A581484}"
EndProject
Project("{FAE04EC0-301F-11D3-BF4B-00C04F79EFBC}") = "Common.Base.Repositories", "Common.Base.Repositories\Common.Base.Repositories.csproj", "{9A2C1D49-1460-4C5E-BE2C-780240EED2CE}"
EndProject
Project("{FAE04EC0-301F-11D3-BF4B-00C04F79EFBC}") = "Common.Base.Models", "Common.Base.Models\Common.Base.Models.csproj", "{D33A3B01-1AD3-4FFA-9B98-A9C175338520}"
EndProject
Project("{FAE04EC0-301F-11D3-BF4B-00C04F79EFBC}") = "Common.Base.DTOs", "Common.Base.DTOs\Common.Base.DTOs.csproj", "{57FF95F9-C973-478D-8B69-5E3A5C754ADE}"
EndProject
Project("{FAE04EC0-301F-11D3-BF4B-00C04F79EFBC}") = "Common.Core.Services", "Common.Core.Services\Common.Core.Services.csproj", "{50F25D36-883B-4ABB-823F-411C7DA7880F}"
EndProject
Project("{FAE04EC0-301F-11D3-BF4B-00C04F79EFBC}") = "Common.Core.Repositories", "Common.Core.Repositories\Common.Core.Repositories.csproj", "{C10D1BBB-DF0F-48DE-845B-0DA6A12F3771}"
EndProject
Project("{2150E333-8FDC-42A3-9474-1A3956D46DE8}") = "0300 Utilities", "0300 Utilities", "{6BE7D810-1016-4C86-B0F1-51A2E6359DDD}"
EndProject
Project("{2150E333-8FDC-42A3-9474-1A3956D46DE8}") = "0500 Modules", "0500 Modules", "{472EA3F2-D3AA-4CE0-B4EA-8BF5954B9066}"
EndProject
Project("{2150E333-8FDC-42A3-9474-1A3956D46DE8}") = "0501 Main", "0501 Main", "{613E0972-2148-492C-9B37-E1E725643B34}"
EndProject
Project("{2150E333-8FDC-42A3-9474-1A3956D46DE8}") = "0501_01 Database", "0501_01 Database", "{2C5761F5-32F3-4787-AC0C-83557FC6E3E5}"
EndProject
Project("{2150E333-8FDC-42A3-9474-1A3956D46DE8}") = "0501_02 Business", "0501_02 Business", "{9F156B65-233E-4E0F-816F-79EC40C6ADF8}"
EndProject
Project("{2150E333-8FDC-42A3-9474-1A3956D46DE8}") = "0501_03 Infrastructure", "0501_03 Infrastructure", "{070AE889-F6AE-4D5C-878C-1C72A6A2EC5E}"
EndProject
Project("{2150E333-8FDC-42A3-9474-1A3956D46DE8}") = "0501_04 API", "0501_04 API", "{B0DC3637-73C9-43E8-B82B-00F4BBA88EB4}"
EndProject
Project("{2150E333-8FDC-42A3-9474-1A3956D46DE8}") = "0501_05 Presentattion", "0501_05 Presentattion", "{6D454F73-7D1D-4914-BFFC-481007101357}"
EndProject
Project("{2150E333-8FDC-42A3-9474-1A3956D46DE8}") = "0501_10 Tests", "0501_10 Tests", "{2C5AD01D-BBEA-47AD-BFE3-71971BC42464}"
EndProject
Project("{FAE04EC0-301F-11D3-BF4B-00C04F79EFBC}") = "Modules.Main.Database", "Modules.Main.Database\Modules.Main.Database.csproj", "{93ECC493-866E-414E-A641-4D8BA6AB46D5}"
EndProject
Project("{FAE04EC0-301F-11D3-BF4B-00C04F79EFBC}") = "Modules.Main.Common", "Modules.Main.Common\Modules.Main.Common.csproj", "{19E5E64A-C570-4F38-AAF7-8005D817C53A}"
EndProject
Project("{FAE04EC0-301F-11D3-BF4B-00C04F79EFBC}") = "Modules.Main.Core", "Modules.Main.Core\Modules.Main.Core.csproj", "{B1065EF9-1C9E-47AA-88F4-54B9476D0D9C}"
EndProject
Project("{FAE04EC0-301F-11D3-BF4B-00C04F79EFBC}") = "Modules.Main.Services", "Modules.Main.Services\Modules.Main.Services.csproj", "{D3925D8A-BC0F-47A8-A209-01440AB700A4}"
EndProject
Project("{FAE04EC0-301F-11D3-BF4B-00C04F79EFBC}") = "Modules.Main.Models", "Modules.Main.Models\Modules.Main.Models.csproj", "{BCD2F7CD-88C0-48B8-BCF0-7BF3CD0F5027}"
EndProject
Project("{FAE04EC0-301F-11D3-BF4B-00C04F79EFBC}") = "Modules.Main.ViewModels", "Modules.Main.ViewModels\Modules.Main.ViewModels.csproj", "{3C4AA0F5-C46F-4EC5-B784-773C5369BBFD}"
EndProject
Project("{FAE04EC0-301F-11D3-BF4B-00C04F79EFBC}") = "Modules.Main.DataAccess", "Modules.Main.DataAccess\Modules.Main.DataAccess.csproj", "{DAF4686F-FD03-443B-B0E5-EFEAC1428A62}"
EndProject
Project("{FAE04EC0-301F-11D3-BF4B-00C04F79EFBC}") = "Modules.Main.Repositories", "Modules.Main.Repositories\Modules.Main.Repositories.csproj", "{4D61E6FF-BE32-4DF3-ADF4-172EF962966A}"
EndProject
Project("{FAE04EC0-301F-11D3-BF4B-00C04F79EFBC}") = "Modules.Main.WebAPI", "Modules.Main.WebAPI\Modules.Main.WebAPI.csproj", "{7EC8C0EC-E44A-4664-9BA5-A6AE24BEEA25}"
EndProject
Project("{9A19103F-16F7-4668-BE54-9A1E7A4F7556}") = "Common.Base.Services", "Common.Base.Services\Common.Base.Services.csproj", "{BF03F2AD-4172-4D2D-9572-E6A4E5CFA33B}"
EndProject
Global
	GlobalSection(SolutionConfigurationPlatforms) = preSolution
		Debug|Any CPU = Debug|Any CPU
		Release|Any CPU = Release|Any CPU
	EndGlobalSection
	GlobalSection(ProjectConfigurationPlatforms) = postSolution
		{9A2C1D49-1460-4C5E-BE2C-780240EED2CE}.Debug|Any CPU.ActiveCfg = Debug|Any CPU
		{9A2C1D49-1460-4C5E-BE2C-780240EED2CE}.Debug|Any CPU.Build.0 = Debug|Any CPU
		{9A2C1D49-1460-4C5E-BE2C-780240EED2CE}.Release|Any CPU.ActiveCfg = Release|Any CPU
		{9A2C1D49-1460-4C5E-BE2C-780240EED2CE}.Release|Any CPU.Build.0 = Release|Any CPU
		{D33A3B01-1AD3-4FFA-9B98-A9C175338520}.Debug|Any CPU.ActiveCfg = Debug|Any CPU
		{D33A3B01-1AD3-4FFA-9B98-A9C175338520}.Debug|Any CPU.Build.0 = Debug|Any CPU
		{D33A3B01-1AD3-4FFA-9B98-A9C175338520}.Release|Any CPU.ActiveCfg = Release|Any CPU
		{D33A3B01-1AD3-4FFA-9B98-A9C175338520}.Release|Any CPU.Build.0 = Release|Any CPU
		{57FF95F9-C973-478D-8B69-5E3A5C754ADE}.Debug|Any CPU.ActiveCfg = Debug|Any CPU
		{57FF95F9-C973-478D-8B69-5E3A5C754ADE}.Debug|Any CPU.Build.0 = Debug|Any CPU
		{57FF95F9-C973-478D-8B69-5E3A5C754ADE}.Release|Any CPU.ActiveCfg = Release|Any CPU
		{57FF95F9-C973-478D-8B69-5E3A5C754ADE}.Release|Any CPU.Build.0 = Release|Any CPU
		{50F25D36-883B-4ABB-823F-411C7DA7880F}.Debug|Any CPU.ActiveCfg = Debug|Any CPU
		{50F25D36-883B-4ABB-823F-411C7DA7880F}.Debug|Any CPU.Build.0 = Debug|Any CPU
		{50F25D36-883B-4ABB-823F-411C7DA7880F}.Release|Any CPU.ActiveCfg = Release|Any CPU
		{50F25D36-883B-4ABB-823F-411C7DA7880F}.Release|Any CPU.Build.0 = Release|Any CPU
		{C10D1BBB-DF0F-48DE-845B-0DA6A12F3771}.Debug|Any CPU.ActiveCfg = Debug|Any CPU
		{C10D1BBB-DF0F-48DE-845B-0DA6A12F3771}.Debug|Any CPU.Build.0 = Debug|Any CPU
		{C10D1BBB-DF0F-48DE-845B-0DA6A12F3771}.Release|Any CPU.ActiveCfg = Release|Any CPU
		{C10D1BBB-DF0F-48DE-845B-0DA6A12F3771}.Release|Any CPU.Build.0 = Release|Any CPU
		{93ECC493-866E-414E-A641-4D8BA6AB46D5}.Debug|Any CPU.ActiveCfg = Debug|Any CPU
		{93ECC493-866E-414E-A641-4D8BA6AB46D5}.Debug|Any CPU.Build.0 = Debug|Any CPU
		{93ECC493-866E-414E-A641-4D8BA6AB46D5}.Release|Any CPU.ActiveCfg = Release|Any CPU
		{93ECC493-866E-414E-A641-4D8BA6AB46D5}.Release|Any CPU.Build.0 = Release|Any CPU
		{19E5E64A-C570-4F38-AAF7-8005D817C53A}.Debug|Any CPU.ActiveCfg = Debug|Any CPU
		{19E5E64A-C570-4F38-AAF7-8005D817C53A}.Debug|Any CPU.Build.0 = Debug|Any CPU
		{19E5E64A-C570-4F38-AAF7-8005D817C53A}.Release|Any CPU.ActiveCfg = Release|Any CPU
		{19E5E64A-C570-4F38-AAF7-8005D817C53A}.Release|Any CPU.Build.0 = Release|Any CPU
		{B1065EF9-1C9E-47AA-88F4-54B9476D0D9C}.Debug|Any CPU.ActiveCfg = Debug|Any CPU
		{B1065EF9-1C9E-47AA-88F4-54B9476D0D9C}.Debug|Any CPU.Build.0 = Debug|Any CPU
		{B1065EF9-1C9E-47AA-88F4-54B9476D0D9C}.Release|Any CPU.ActiveCfg = Release|Any CPU
		{B1065EF9-1C9E-47AA-88F4-54B9476D0D9C}.Release|Any CPU.Build.0 = Release|Any CPU
		{D3925D8A-BC0F-47A8-A209-01440AB700A4}.Debug|Any CPU.ActiveCfg = Debug|Any CPU
		{D3925D8A-BC0F-47A8-A209-01440AB700A4}.Debug|Any CPU.Build.0 = Debug|Any CPU
		{D3925D8A-BC0F-47A8-A209-01440AB700A4}.Release|Any CPU.ActiveCfg = Release|Any CPU
		{D3925D8A-BC0F-47A8-A209-01440AB700A4}.Release|Any CPU.Build.0 = Release|Any CPU
		{BCD2F7CD-88C0-48B8-BCF0-7BF3CD0F5027}.Debug|Any CPU.ActiveCfg = Debug|Any CPU
		{BCD2F7CD-88C0-48B8-BCF0-7BF3CD0F5027}.Debug|Any CPU.Build.0 = Debug|Any CPU
		{BCD2F7CD-88C0-48B8-BCF0-7BF3CD0F5027}.Release|Any CPU.ActiveCfg = Release|Any CPU
		{BCD2F7CD-88C0-48B8-BCF0-7BF3CD0F5027}.Release|Any CPU.Build.0 = Release|Any CPU
		{3C4AA0F5-C46F-4EC5-B784-773C5369BBFD}.Debug|Any CPU.ActiveCfg = Debug|Any CPU
		{3C4AA0F5-C46F-4EC5-B784-773C5369BBFD}.Debug|Any CPU.Build.0 = Debug|Any CPU
		{3C4AA0F5-C46F-4EC5-B784-773C5369BBFD}.Release|Any CPU.ActiveCfg = Release|Any CPU
		{3C4AA0F5-C46F-4EC5-B784-773C5369BBFD}.Release|Any CPU.Build.0 = Release|Any CPU
		{DAF4686F-FD03-443B-B0E5-EFEAC1428A62}.Debug|Any CPU.ActiveCfg = Debug|Any CPU
		{DAF4686F-FD03-443B-B0E5-EFEAC1428A62}.Debug|Any CPU.Build.0 = Debug|Any CPU
		{DAF4686F-FD03-443B-B0E5-EFEAC1428A62}.Release|Any CPU.ActiveCfg = Release|Any CPU
		{DAF4686F-FD03-443B-B0E5-EFEAC1428A62}.Release|Any CPU.Build.0 = Release|Any CPU
		{4D61E6FF-BE32-4DF3-ADF4-172EF962966A}.Debug|Any CPU.ActiveCfg = Debug|Any CPU
		{4D61E6FF-BE32-4DF3-ADF4-172EF962966A}.Debug|Any CPU.Build.0 = Debug|Any CPU
		{4D61E6FF-BE32-4DF3-ADF4-172EF962966A}.Release|Any CPU.ActiveCfg = Release|Any CPU
		{4D61E6FF-BE32-4DF3-ADF4-172EF962966A}.Release|Any CPU.Build.0 = Release|Any CPU
		{7EC8C0EC-E44A-4664-9BA5-A6AE24BEEA25}.Debug|Any CPU.ActiveCfg = Debug|Any CPU
		{7EC8C0EC-E44A-4664-9BA5-A6AE24BEEA25}.Debug|Any CPU.Build.0 = Debug|Any CPU
		{7EC8C0EC-E44A-4664-9BA5-A6AE24BEEA25}.Release|Any CPU.ActiveCfg = Release|Any CPU
		{7EC8C0EC-E44A-4664-9BA5-A6AE24BEEA25}.Release|Any CPU.Build.0 = Release|Any CPU
		{BF03F2AD-4172-4D2D-9572-E6A4E5CFA33B}.Debug|Any CPU.ActiveCfg = Debug|Any CPU
		{BF03F2AD-4172-4D2D-9572-E6A4E5CFA33B}.Debug|Any CPU.Build.0 = Debug|Any CPU
		{BF03F2AD-4172-4D2D-9572-E6A4E5CFA33B}.Release|Any CPU.ActiveCfg = Release|Any CPU
		{BF03F2AD-4172-4D2D-9572-E6A4E5CFA33B}.Release|Any CPU.Build.0 = Release|Any CPU
	EndGlobalSection
	GlobalSection(SolutionProperties) = preSolution
		HideSolutionNode = FALSE
	EndGlobalSection
	GlobalSection(NestedProjects) = preSolution
		{88DA53CC-07BD-408E-904C-12417551A4E5} = {3A1A9B29-9699-4A6F-9DED-8070FD49747C}
		{1C508398-D63C-4A9E-BFDB-BF742A581484} = {3A1A9B29-9699-4A6F-9DED-8070FD49747C}
		{9A2C1D49-1460-4C5E-BE2C-780240EED2CE} = {88DA53CC-07BD-408E-904C-12417551A4E5}
		{D33A3B01-1AD3-4FFA-9B98-A9C175338520} = {88DA53CC-07BD-408E-904C-12417551A4E5}
		{57FF95F9-C973-478D-8B69-5E3A5C754ADE} = {88DA53CC-07BD-408E-904C-12417551A4E5}
		{50F25D36-883B-4ABB-823F-411C7DA7880F} = {1C508398-D63C-4A9E-BFDB-BF742A581484}
		{C10D1BBB-DF0F-48DE-845B-0DA6A12F3771} = {1C508398-D63C-4A9E-BFDB-BF742A581484}
		{613E0972-2148-492C-9B37-E1E725643B34} = {472EA3F2-D3AA-4CE0-B4EA-8BF5954B9066}
		{2C5761F5-32F3-4787-AC0C-83557FC6E3E5} = {613E0972-2148-492C-9B37-E1E725643B34}
		{9F156B65-233E-4E0F-816F-79EC40C6ADF8} = {613E0972-2148-492C-9B37-E1E725643B34}
		{070AE889-F6AE-4D5C-878C-1C72A6A2EC5E} = {613E0972-2148-492C-9B37-E1E725643B34}
		{B0DC3637-73C9-43E8-B82B-00F4BBA88EB4} = {613E0972-2148-492C-9B37-E1E725643B34}
		{6D454F73-7D1D-4914-BFFC-481007101357} = {613E0972-2148-492C-9B37-E1E725643B34}
		{2C5AD01D-BBEA-47AD-BFE3-71971BC42464} = {613E0972-2148-492C-9B37-E1E725643B34}
		{93ECC493-866E-414E-A641-4D8BA6AB46D5} = {2C5761F5-32F3-4787-AC0C-83557FC6E3E5}
		{19E5E64A-C570-4F38-AAF7-8005D817C53A} = {9F156B65-233E-4E0F-816F-79EC40C6ADF8}
		{B1065EF9-1C9E-47AA-88F4-54B9476D0D9C} = {9F156B65-233E-4E0F-816F-79EC40C6ADF8}
		{D3925D8A-BC0F-47A8-A209-01440AB700A4} = {9F156B65-233E-4E0F-816F-79EC40C6ADF8}
		{BCD2F7CD-88C0-48B8-BCF0-7BF3CD0F5027} = {9F156B65-233E-4E0F-816F-79EC40C6ADF8}
		{3C4AA0F5-C46F-4EC5-B784-773C5369BBFD} = {B0DC3637-73C9-43E8-B82B-00F4BBA88EB4}
		{DAF4686F-FD03-443B-B0E5-EFEAC1428A62} = {070AE889-F6AE-4D5C-878C-1C72A6A2EC5E}
		{4D61E6FF-BE32-4DF3-ADF4-172EF962966A} = {070AE889-F6AE-4D5C-878C-1C72A6A2EC5E}
		{7EC8C0EC-E44A-4664-9BA5-A6AE24BEEA25} = {B0DC3637-73C9-43E8-B82B-00F4BBA88EB4}
		{BF03F2AD-4172-4D2D-9572-E6A4E5CFA33B} = {88DA53CC-07BD-408E-904C-12417551A4E5}
	EndGlobalSection
	GlobalSection(ExtensibilityGlobals) = postSolution
		SolutionGuid = {6E194C90-7D7F-4ADF-BE51-809BC914355C}
	EndGlobalSection
EndGlobal
